
Microsoft Visual Studio Solution File, Format Version 12.00
# Visual Studio Version 17
VisualStudioVersion = 17.8.34601.278
MinimumVisualStudioVersion = 10.0.40219.1
Project("{9A19103F-16F7-4668-BE54-9A1E7A4F7556}") = "APIPortalKiosco", "APIPortalKiosco.csproj", "{BED06CBE-E11F-454A-B3F0-A2B82335BE9F}"
EndProject
Project("{9A19103F-16F7-4668-BE54-9A1E7A4F7556}") = "APIPortalKiosco.Entities", "..\APIPortalWebMed.Entities\APIPortalKiosco.Entities.csproj", "{96F72CB0-C682-4A35-83C5-EF596D307B53}"
EndProject
Project("{FAE04EC0-301F-11D3-BF4B-00C04F79EFBC}") = "APIPortalKiosco.Data", "..\APIPortalKiosco.Data\APIPortalKiosco.Data.csproj", "{4E18C09C-FCED-40B9-A353-78889A858AF3}"
EndProject
Global
	GlobalSection(SolutionConfigurationPlatforms) = preSolution
		Debug|Any CPU = Debug|Any CPU
		Release|Any CPU = Release|Any CPU
	EndGlobalSection
	GlobalSection(ProjectConfigurationPlatforms) = postSolution
		{BED06CBE-E11F-454A-B3F0-A2B82335BE9F}.Debug|Any CPU.ActiveCfg = Debug|Any CPU
		{BED06CBE-E11F-454A-B3F0-A2B82335BE9F}.Debug|Any CPU.Build.0 = Debug|Any CPU
		{BED06CBE-E11F-454A-B3F0-A2B82335BE9F}.Release|Any CPU.ActiveCfg = Release|Any CPU
		{BED06CBE-E11F-454A-B3F0-A2B82335BE9F}.Release|Any CPU.Build.0 = Release|Any CPU
		{96F72CB0-C682-4A35-83C5-EF596D307B53}.Debug|Any CPU.ActiveCfg = Debug|Any CPU
		{96F72CB0-C682-4A35-83C5-EF596D307B53}.Debug|Any CPU.Build.0 = Debug|Any CPU
		{96F72CB0-C682-4A35-83C5-EF596D307B53}.Release|Any CPU.ActiveCfg = Release|Any CPU
		{96F72CB0-C682-4A35-83C5-EF596D307B53}.Release|Any CPU.Build.0 = Release|Any CPU
		{4E18C09C-FCED-40B9-A353-78889A858AF3}.Debug|Any CPU.ActiveCfg = Debug|Any CPU
		{4E18C09C-FCED-40B9-A353-78889A858AF3}.Debug|Any CPU.Build.0 = Debug|Any CPU
		{4E18C09C-FCED-40B9-A353-78889A858AF3}.Release|Any CPU.ActiveCfg = Release|Any CPU
		{4E18C09C-FCED-40B9-A353-78889A858AF3}.Release|Any CPU.Build.0 = Release|Any CPU
	EndGlobalSection
	GlobalSection(SolutionProperties) = preSolution
		HideSolutionNode = FALSE
	EndGlobalSection
	GlobalSection(ExtensibilityGlobals) = postSolution
		SolutionGuid = {741AE818-4458-4AE6-BA51-7C79CFF68386}
	EndGlobalSection
EndGlobal
